// !$*UTF8*$!
{
	archiveVersion = 1;
	classes = {
	};
	objectVersion = 52;
	objects = {

/* Begin PBXAggregateTarget section */
		"SwURL::SwURLPackageTests::ProductTarget" /* SwURLPackageTests */ = {
			isa = PBXAggregateTarget;
			buildConfigurationList = OBJ_58 /* Build configuration list for PBXAggregateTarget "SwURLPackageTests" */;
			buildPhases = (
			);
			dependencies = (
				OBJ_61 /* PBXTargetDependency */,
			);
			name = SwURLPackageTests;
			productName = SwURLPackageTests;
		};
/* End PBXAggregateTarget section */

/* Begin PBXBuildFile section */
		47ED4A0B26CDBF0E00B3058B /* iOS14RemoteImageView.swift in Sources */ = {isa = PBXBuildFile; fileRef = 47ED4A0A26CDBF0E00B3058B /* iOS14RemoteImageView.swift */; };
		47ED4A0D26CDBF5E00B3058B /* ImageProcessing.swift in Sources */ = {isa = PBXBuildFile; fileRef = 47ED4A0C26CDBF5E00B3058B /* ImageProcessing.swift */; };
		47ED4A1426CDC6CA00B3058B /* iOS13RemoteImageView.swift in Sources */ = {isa = PBXBuildFile; fileRef = 47ED4A1326CDC6CA00B3058B /* iOS13RemoteImageView.swift */; };
		OBJ_38 /* Logger.swift in Sources */ = {isa = PBXBuildFile; fileRef = OBJ_10 /* Logger.swift */; };
		OBJ_39 /* CGImage+Data.swift in Sources */ = {isa = PBXBuildFile; fileRef = OBJ_12 /* CGImage+Data.swift */; };
		OBJ_40 /* FileManager+Paths.swift in Sources */ = {isa = PBXBuildFile; fileRef = OBJ_14 /* FileManager+Paths.swift */; };
		OBJ_41 /* ImageCacheType.swift in Sources */ = {isa = PBXBuildFile; fileRef = OBJ_15 /* ImageCacheType.swift */; };
		OBJ_42 /* InMemoryImageCache.swift in Sources */ = {isa = PBXBuildFile; fileRef = OBJ_16 /* InMemoryImageCache.swift */; };
		OBJ_43 /* PersistentImageCache.swift in Sources */ = {isa = PBXBuildFile; fileRef = OBJ_17 /* PersistentImageCache.swift */; };
		OBJ_44 /* ImageLoader.swift in Sources */ = {isa = PBXBuildFile; fileRef = OBJ_18 /* ImageLoader.swift */; };
		OBJ_45 /* Downloader.swift in Sources */ = {isa = PBXBuildFile; fileRef = OBJ_19 /* Downloader.swift */; };
		OBJ_46 /* RemoteImage.swift in Sources */ = {isa = PBXBuildFile; fileRef = OBJ_20 /* RemoteImage.swift */; };
		OBJ_47 /* RemoteImageView.swift in Sources */ = {isa = PBXBuildFile; fileRef = OBJ_21 /* RemoteImageView.swift */; };
		OBJ_48 /* TransitioningImage.swift in Sources */ = {isa = PBXBuildFile; fileRef = OBJ_22 /* TransitioningImage.swift */; };
		OBJ_49 /* SwURL.swift in Sources */ = {isa = PBXBuildFile; fileRef = OBJ_23 /* SwURL.swift */; };
		OBJ_56 /* Package.swift in Sources */ = {isa = PBXBuildFile; fileRef = OBJ_6 /* Package.swift */; };
		OBJ_67 /* SwURLTests.swift in Sources */ = {isa = PBXBuildFile; fileRef = OBJ_26 /* SwURLTests.swift */; };
		OBJ_68 /* XCTestManifests.swift in Sources */ = {isa = PBXBuildFile; fileRef = OBJ_27 /* XCTestManifests.swift */; };
		OBJ_70 /* SwURL.framework in Frameworks */ = {isa = PBXBuildFile; fileRef = "SwURL::SwURL::Product" /* SwURL.framework */; platformFilter = ios; };
/* End PBXBuildFile section */

/* Begin PBXContainerItemProxy section */
		47140BA122FA363700B457D8 /* PBXContainerItemProxy */ = {
			isa = PBXContainerItemProxy;
			containerPortal = OBJ_1 /* Project object */;
			proxyType = 1;
			remoteGlobalIDString = "SwURL::SwURL";
			remoteInfo = SwURL;
		};
		47140BA222FA363800B457D8 /* PBXContainerItemProxy */ = {
			isa = PBXContainerItemProxy;
			containerPortal = OBJ_1 /* Project object */;
			proxyType = 1;
			remoteGlobalIDString = "SwURL::SwURLTests";
			remoteInfo = SwURLTests;
		};
/* End PBXContainerItemProxy section */

/* Begin PBXFileReference section */
		47ED4A0A26CDBF0E00B3058B /* iOS14RemoteImageView.swift */ = {isa = PBXFileReference; lastKnownFileType = sourcecode.swift; path = iOS14RemoteImageView.swift; sourceTree = "<group>"; };
		47ED4A0C26CDBF5E00B3058B /* ImageProcessing.swift */ = {isa = PBXFileReference; lastKnownFileType = sourcecode.swift; path = ImageProcessing.swift; sourceTree = "<group>"; };
		47ED4A1326CDC6CA00B3058B /* iOS13RemoteImageView.swift */ = {isa = PBXFileReference; lastKnownFileType = sourcecode.swift; path = iOS13RemoteImageView.swift; sourceTree = "<group>"; };
		OBJ_10 /* Logger.swift */ = {isa = PBXFileReference; lastKnownFileType = sourcecode.swift; path = Logger.swift; sourceTree = "<group>"; };
		OBJ_12 /* CGImage+Data.swift */ = {isa = PBXFileReference; lastKnownFileType = sourcecode.swift; path = "CGImage+Data.swift"; sourceTree = "<group>"; };
		OBJ_14 /* FileManager+Paths.swift */ = {isa = PBXFileReference; lastKnownFileType = sourcecode.swift; path = "FileManager+Paths.swift"; sourceTree = "<group>"; };
		OBJ_15 /* ImageCacheType.swift */ = {isa = PBXFileReference; lastKnownFileType = sourcecode.swift; path = ImageCacheType.swift; sourceTree = "<group>"; };
		OBJ_16 /* InMemoryImageCache.swift */ = {isa = PBXFileReference; lastKnownFileType = sourcecode.swift; path = InMemoryImageCache.swift; sourceTree = "<group>"; };
		OBJ_17 /* PersistentImageCache.swift */ = {isa = PBXFileReference; lastKnownFileType = sourcecode.swift; path = PersistentImageCache.swift; sourceTree = "<group>"; };
		OBJ_18 /* ImageLoader.swift */ = {isa = PBXFileReference; lastKnownFileType = sourcecode.swift; path = ImageLoader.swift; sourceTree = "<group>"; };
		OBJ_19 /* Downloader.swift */ = {isa = PBXFileReference; lastKnownFileType = sourcecode.swift; path = Downloader.swift; sourceTree = "<group>"; };
		OBJ_20 /* RemoteImage.swift */ = {isa = PBXFileReference; lastKnownFileType = sourcecode.swift; path = RemoteImage.swift; sourceTree = "<group>"; };
		OBJ_21 /* RemoteImageView.swift */ = {isa = PBXFileReference; lastKnownFileType = sourcecode.swift; path = RemoteImageView.swift; sourceTree = "<group>"; };
		OBJ_22 /* TransitioningImage.swift */ = {isa = PBXFileReference; lastKnownFileType = sourcecode.swift; path = TransitioningImage.swift; sourceTree = "<group>"; };
		OBJ_23 /* SwURL.swift */ = {isa = PBXFileReference; lastKnownFileType = sourcecode.swift; path = SwURL.swift; sourceTree = "<group>"; };
		OBJ_26 /* SwURLTests.swift */ = {isa = PBXFileReference; lastKnownFileType = sourcecode.swift; path = SwURLTests.swift; sourceTree = "<group>"; };
		OBJ_27 /* XCTestManifests.swift */ = {isa = PBXFileReference; lastKnownFileType = sourcecode.swift; path = XCTestManifests.swift; sourceTree = "<group>"; };
		OBJ_31 /* LICENSE */ = {isa = PBXFileReference; lastKnownFileType = text; path = LICENSE; sourceTree = "<group>"; };
		OBJ_32 /* README.md */ = {isa = PBXFileReference; lastKnownFileType = net.daringfireball.markdown; path = README.md; sourceTree = "<group>"; };
		OBJ_6 /* Package.swift */ = {isa = PBXFileReference; explicitFileType = sourcecode.swift; path = Package.swift; sourceTree = "<group>"; };
		"SwURL::SwURL::Product" /* SwURL.framework */ = {isa = PBXFileReference; explicitFileType = wrapper.framework; path = SwURL.framework; sourceTree = BUILT_PRODUCTS_DIR; };
		"SwURL::SwURLTests::Product" /* SwURLTests.xctest */ = {isa = PBXFileReference; explicitFileType = wrapper.cfbundle; path = SwURLTests.xctest; sourceTree = BUILT_PRODUCTS_DIR; };
/* End PBXFileReference section */

/* Begin PBXFrameworksBuildPhase section */
		OBJ_50 /* Frameworks */ = {
			isa = PBXFrameworksBuildPhase;
			buildActionMask = 0;
			files = (
			);
			runOnlyForDeploymentPostprocessing = 0;
		};
		OBJ_69 /* Frameworks */ = {
			isa = PBXFrameworksBuildPhase;
			buildActionMask = 0;
			files = (
				OBJ_70 /* SwURL.framework in Frameworks */,
			);
			runOnlyForDeploymentPostprocessing = 0;
		};
/* End PBXFrameworksBuildPhase section */

/* Begin PBXGroup section */
		47ED4A0E26CDBFA300B3058B /* View */ = {
			isa = PBXGroup;
			children = (
				47ED4A1226CDC01200B3058B /* Public */,
				47ED4A0A26CDBF0E00B3058B /* iOS14RemoteImageView.swift */,
				OBJ_22 /* TransitioningImage.swift */,
				47ED4A0C26CDBF5E00B3058B /* ImageProcessing.swift */,
				47ED4A1326CDC6CA00B3058B /* iOS13RemoteImageView.swift */,
			);
			path = View;
			sourceTree = "<group>";
		};
		47ED4A1126CDBFDC00B3058B /* Model */ = {
			isa = PBXGroup;
			children = (
				OBJ_13 /* Cache */,
				OBJ_12 /* CGImage+Data.swift */,
				OBJ_18 /* ImageLoader.swift */,
				OBJ_19 /* Downloader.swift */,
				OBJ_20 /* RemoteImage.swift */,
			);
			path = Model;
			sourceTree = "<group>";
		};
		47ED4A1226CDC01200B3058B /* Public */ = {
			isa = PBXGroup;
			children = (
				OBJ_21 /* RemoteImageView.swift */,
			);
			path = Public;
			sourceTree = "<group>";
		};
		OBJ_11 /* RemoteImage */ = {
			isa = PBXGroup;
			children = (
				47ED4A1126CDBFDC00B3058B /* Model */,
				47ED4A0E26CDBFA300B3058B /* View */,
			);
			path = RemoteImage;
			sourceTree = "<group>";
		};
		OBJ_13 /* Cache */ = {
			isa = PBXGroup;
			children = (
				OBJ_14 /* FileManager+Paths.swift */,
				OBJ_15 /* ImageCacheType.swift */,
				OBJ_16 /* InMemoryImageCache.swift */,
				OBJ_17 /* PersistentImageCache.swift */,
			);
			path = Cache;
			sourceTree = "<group>";
		};
		OBJ_24 /* Tests */ = {
			isa = PBXGroup;
			children = (
				OBJ_25 /* SwURLTests */,
			);
			name = Tests;
			sourceTree = SOURCE_ROOT;
		};
		OBJ_25 /* SwURLTests */ = {
			isa = PBXGroup;
			children = (
				OBJ_26 /* SwURLTests.swift */,
				OBJ_27 /* XCTestManifests.swift */,
			);
			name = SwURLTests;
			path = Tests/SwURLTests;
			sourceTree = SOURCE_ROOT;
		};
		OBJ_28 /* Products */ = {
			isa = PBXGroup;
			children = (
				"SwURL::SwURLTests::Product" /* SwURLTests.xctest */,
				"SwURL::SwURL::Product" /* SwURL.framework */,
			);
			name = Products;
			sourceTree = BUILT_PRODUCTS_DIR;
		};
		OBJ_5 = {
			isa = PBXGroup;
			children = (
				OBJ_6 /* Package.swift */,
				OBJ_7 /* Sources */,
				OBJ_24 /* Tests */,
				OBJ_28 /* Products */,
				OBJ_31 /* LICENSE */,
				OBJ_32 /* README.md */,
			);
			sourceTree = "<group>";
		};
		OBJ_7 /* Sources */ = {
			isa = PBXGroup;
			children = (
				OBJ_8 /* SwURL */,
			);
			name = Sources;
			sourceTree = SOURCE_ROOT;
		};
		OBJ_8 /* SwURL */ = {
			isa = PBXGroup;
			children = (
				OBJ_9 /* Debug */,
				OBJ_11 /* RemoteImage */,
				OBJ_23 /* SwURL.swift */,
			);
			name = SwURL;
			path = Sources/SwURL;
			sourceTree = SOURCE_ROOT;
		};
		OBJ_9 /* Debug */ = {
			isa = PBXGroup;
			children = (
				OBJ_10 /* Logger.swift */,
			);
			path = Debug;
			sourceTree = "<group>";
		};
/* End PBXGroup section */

/* Begin PBXNativeTarget section */
		"SwURL::SwURL" /* SwURL */ = {
			isa = PBXNativeTarget;
			buildConfigurationList = OBJ_34 /* Build configuration list for PBXNativeTarget "SwURL" */;
			buildPhases = (
				OBJ_37 /* Sources */,
				OBJ_50 /* Frameworks */,
			);
			buildRules = (
			);
			dependencies = (
			);
			name = SwURL;
			productName = SwURL;
			productReference = "SwURL::SwURL::Product" /* SwURL.framework */;
			productType = "com.apple.product-type.framework";
		};
		"SwURL::SwURLTests" /* SwURLTests */ = {
			isa = PBXNativeTarget;
			buildConfigurationList = OBJ_63 /* Build configuration list for PBXNativeTarget "SwURLTests" */;
			buildPhases = (
				OBJ_66 /* Sources */,
				OBJ_69 /* Frameworks */,
			);
			buildRules = (
			);
			dependencies = (
				OBJ_71 /* PBXTargetDependency */,
			);
			name = SwURLTests;
			productName = SwURLTests;
			productReference = "SwURL::SwURLTests::Product" /* SwURLTests.xctest */;
			productType = "com.apple.product-type.bundle.unit-test";
		};
		"SwURL::SwiftPMPackageDescription" /* SwURLPackageDescription */ = {
			isa = PBXNativeTarget;
			buildConfigurationList = OBJ_52 /* Build configuration list for PBXNativeTarget "SwURLPackageDescription" */;
			buildPhases = (
				OBJ_55 /* Sources */,
			);
			buildRules = (
			);
			dependencies = (
			);
			name = SwURLPackageDescription;
			productName = SwURLPackageDescription;
			productType = "com.apple.product-type.framework";
		};
/* End PBXNativeTarget section */

/* Begin PBXProject section */
		OBJ_1 /* Project object */ = {
			isa = PBXProject;
			attributes = {
				LastSwiftMigration = 9999;
				LastUpgradeCheck = 9999;
			};
			buildConfigurationList = OBJ_2 /* Build configuration list for PBXProject "SwURL" */;
			compatibilityVersion = "Xcode 3.2";
			developmentRegion = English;
			hasScannedForEncodings = 0;
			knownRegions = (
				English,
				en,
			);
			mainGroup = OBJ_5;
			productRefGroup = OBJ_28 /* Products */;
			projectDirPath = "";
			projectRoot = "";
			targets = (
				"SwURL::SwURL" /* SwURL */,
				"SwURL::SwiftPMPackageDescription" /* SwURLPackageDescription */,
				"SwURL::SwURLPackageTests::ProductTarget" /* SwURLPackageTests */,
				"SwURL::SwURLTests" /* SwURLTests */,
			);
		};
/* End PBXProject section */

/* Begin PBXSourcesBuildPhase section */
		OBJ_37 /* Sources */ = {
			isa = PBXSourcesBuildPhase;
			buildActionMask = 0;
			files = (
				OBJ_38 /* Logger.swift in Sources */,
				47ED4A0B26CDBF0E00B3058B /* iOS14RemoteImageView.swift in Sources */,
				OBJ_39 /* CGImage+Data.swift in Sources */,
				OBJ_40 /* FileManager+Paths.swift in Sources */,
				47ED4A1426CDC6CA00B3058B /* iOS13RemoteImageView.swift in Sources */,
				OBJ_41 /* ImageCacheType.swift in Sources */,
				OBJ_42 /* InMemoryImageCache.swift in Sources */,
				OBJ_43 /* PersistentImageCache.swift in Sources */,
				OBJ_44 /* ImageLoader.swift in Sources */,
				OBJ_45 /* Downloader.swift in Sources */,
				OBJ_46 /* RemoteImage.swift in Sources */,
				47ED4A0D26CDBF5E00B3058B /* ImageProcessing.swift in Sources */,
				OBJ_47 /* RemoteImageView.swift in Sources */,
				OBJ_48 /* TransitioningImage.swift in Sources */,
				OBJ_49 /* SwURL.swift in Sources */,
			);
			runOnlyForDeploymentPostprocessing = 0;
		};
		OBJ_55 /* Sources */ = {
			isa = PBXSourcesBuildPhase;
			buildActionMask = 0;
			files = (
				OBJ_56 /* Package.swift in Sources */,
			);
			runOnlyForDeploymentPostprocessing = 0;
		};
		OBJ_66 /* Sources */ = {
			isa = PBXSourcesBuildPhase;
			buildActionMask = 0;
			files = (
				OBJ_67 /* SwURLTests.swift in Sources */,
				OBJ_68 /* XCTestManifests.swift in Sources */,
			);
			runOnlyForDeploymentPostprocessing = 0;
		};
/* End PBXSourcesBuildPhase section */

/* Begin PBXTargetDependency section */
		OBJ_61 /* PBXTargetDependency */ = {
			isa = PBXTargetDependency;
			target = "SwURL::SwURLTests" /* SwURLTests */;
			targetProxy = 47140BA222FA363800B457D8 /* PBXContainerItemProxy */;
		};
		OBJ_71 /* PBXTargetDependency */ = {
			isa = PBXTargetDependency;
			platformFilter = ios;
			target = "SwURL::SwURL" /* SwURL */;
			targetProxy = 47140BA122FA363700B457D8 /* PBXContainerItemProxy */;
		};
/* End PBXTargetDependency section */

/* Begin XCBuildConfiguration section */
		OBJ_3 /* Debug */ = {
			isa = XCBuildConfiguration;
			buildSettings = {
				CLANG_ENABLE_OBJC_ARC = YES;
				COMBINE_HIDPI_IMAGES = YES;
				COPY_PHASE_STRIP = NO;
				DEBUG_INFORMATION_FORMAT = dwarf;
				DYLIB_INSTALL_NAME_BASE = "@rpath";
				ENABLE_NS_ASSERTIONS = YES;
				GCC_OPTIMIZATION_LEVEL = 0;
				GCC_PREPROCESSOR_DEFINITIONS = (
					"$(inherited)",
					"SWIFT_PACKAGE=1",
					"DEBUG=1",
				);
				IPHONEOS_DEPLOYMENT_TARGET = 13.0;
				MACOSX_DEPLOYMENT_TARGET = 10.10;
				ONLY_ACTIVE_ARCH = YES;
				OTHER_SWIFT_FLAGS = "-DXcode";
				PRODUCT_NAME = "$(TARGET_NAME)";
				SDKROOT = macosx;
				SUPPORTED_PLATFORMS = "macosx iphoneos iphonesimulator appletvos appletvsimulator watchos watchsimulator";
				SWIFT_ACTIVE_COMPILATION_CONDITIONS = "$(inherited) SWIFT_PACKAGE DEBUG";
				SWIFT_OPTIMIZATION_LEVEL = "-Onone";
				USE_HEADERMAP = NO;
			};
			name = Debug;
		};
		OBJ_35 /* Debug */ = {
			isa = XCBuildConfiguration;
			buildSettings = {
				ALWAYS_EMBED_SWIFT_STANDARD_LIBRARIES = YES;
				ENABLE_TESTABILITY = YES;
				FRAMEWORK_SEARCH_PATHS = (
					"$(inherited)",
					"$(PLATFORM_DIR)/Developer/Library/Frameworks",
				);
				HEADER_SEARCH_PATHS = "$(inherited)";
				INFOPLIST_FILE = SwURL.xcodeproj/SwURL_Info.plist;
				IPHONEOS_DEPLOYMENT_TARGET = 13.0;
				LD_RUNPATH_SEARCH_PATHS = (
					"$(inherited)",
					"$(TOOLCHAIN_DIR)/usr/lib/swift/macosx",
				);
				MACOSX_DEPLOYMENT_TARGET = 10.15;
				ONLY_ACTIVE_ARCH = YES;
				OTHER_CFLAGS = "$(inherited)";
				OTHER_LDFLAGS = "$(inherited)";
				OTHER_SWIFT_FLAGS = "$(inherited)";
				PRODUCT_BUNDLE_IDENTIFIER = SwURL;
				PRODUCT_MODULE_NAME = "$(TARGET_NAME:c99extidentifier)";
				PRODUCT_NAME = "$(TARGET_NAME:c99extidentifier)";
				SKIP_INSTALL = YES;
				SWIFT_ACTIVE_COMPILATION_CONDITIONS = "$(inherited)";
				SWIFT_VERSION = 5.0;
				TARGET_NAME = SwURL;
				TVOS_DEPLOYMENT_TARGET = 13.0;
				WATCHOS_DEPLOYMENT_TARGET = 6.0;
			};
			name = Debug;
		};
		OBJ_36 /* Release */ = {
			isa = XCBuildConfiguration;
			buildSettings = {
				ALWAYS_EMBED_SWIFT_STANDARD_LIBRARIES = YES;
				ENABLE_TESTABILITY = YES;
				FRAMEWORK_SEARCH_PATHS = (
					"$(inherited)",
					"$(PLATFORM_DIR)/Developer/Library/Frameworks",
				);
				HEADER_SEARCH_PATHS = "$(inherited)";
				INFOPLIST_FILE = SwURL.xcodeproj/SwURL_Info.plist;
				IPHONEOS_DEPLOYMENT_TARGET = 13.0;
				LD_RUNPATH_SEARCH_PATHS = (
					"$(inherited)",
					"$(TOOLCHAIN_DIR)/usr/lib/swift/macosx",
				);
				MACOSX_DEPLOYMENT_TARGET = 10.15;
				ONLY_ACTIVE_ARCH = YES;
				OTHER_CFLAGS = "$(inherited)";
				OTHER_LDFLAGS = "$(inherited)";
				OTHER_SWIFT_FLAGS = "$(inherited)";
				PRODUCT_BUNDLE_IDENTIFIER = SwURL;
				PRODUCT_MODULE_NAME = "$(TARGET_NAME:c99extidentifier)";
				PRODUCT_NAME = "$(TARGET_NAME:c99extidentifier)";
				SKIP_INSTALL = YES;
				SWIFT_ACTIVE_COMPILATION_CONDITIONS = "$(inherited)";
				SWIFT_VERSION = 5.0;
				TARGET_NAME = SwURL;
				TVOS_DEPLOYMENT_TARGET = 13.0;
				WATCHOS_DEPLOYMENT_TARGET = 6.0;
			};
			name = Release;
		};
		OBJ_4 /* Release */ = {
			isa = XCBuildConfiguration;
			buildSettings = {
				CLANG_ENABLE_OBJC_ARC = YES;
				COMBINE_HIDPI_IMAGES = YES;
				COPY_PHASE_STRIP = YES;
				DEBUG_INFORMATION_FORMAT = "dwarf-with-dsym";
				DYLIB_INSTALL_NAME_BASE = "@rpath";
				GCC_OPTIMIZATION_LEVEL = s;
				GCC_PREPROCESSOR_DEFINITIONS = (
					"$(inherited)",
					"SWIFT_PACKAGE=1",
				);
				IPHONEOS_DEPLOYMENT_TARGET = 13.0;
				MACOSX_DEPLOYMENT_TARGET = 10.10;
				OTHER_SWIFT_FLAGS = "-DXcode";
				PRODUCT_NAME = "$(TARGET_NAME)";
				SDKROOT = macosx;
				SUPPORTED_PLATFORMS = "macosx iphoneos iphonesimulator appletvos appletvsimulator watchos watchsimulator";
				SWIFT_ACTIVE_COMPILATION_CONDITIONS = "$(inherited) SWIFT_PACKAGE";
				SWIFT_COMPILATION_MODE = wholemodule;
				SWIFT_OPTIMIZATION_LEVEL = "-O";
				USE_HEADERMAP = NO;
			};
			name = Release;
		};
		OBJ_53 /* Debug */ = {
			isa = XCBuildConfiguration;
			buildSettings = {
				LD = /usr/bin/true;
				OTHER_SWIFT_FLAGS = "-swift-version 5 -I $(TOOLCHAIN_DIR)/usr/lib/swift/pm/4_2 -target x86_64-apple-macosx10.10 -sdk /Applications/Xcode.app/Contents/Developer/Platforms/MacOSX.platform/Developer/SDKs/MacOSX10.14.sdk";
				SWIFT_VERSION = 5.0;
			};
			name = Debug;
		};
		OBJ_54 /* Release */ = {
			isa = XCBuildConfiguration;
			buildSettings = {
				LD = /usr/bin/true;
				OTHER_SWIFT_FLAGS = "-swift-version 5 -I $(TOOLCHAIN_DIR)/usr/lib/swift/pm/4_2 -target x86_64-apple-macosx10.10 -sdk /Applications/Xcode.app/Contents/Developer/Platforms/MacOSX.platform/Developer/SDKs/MacOSX10.14.sdk";
				SWIFT_VERSION = 5.0;
			};
			name = Release;
		};
		OBJ_59 /* Debug */ = {
			isa = XCBuildConfiguration;
			buildSettings = {
				ALWAYS_EMBED_SWIFT_STANDARD_LIBRARIES = NO;
			};
			name = Debug;
		};
		OBJ_60 /* Release */ = {
			isa = XCBuildConfiguration;
			buildSettings = {
				ALWAYS_EMBED_SWIFT_STANDARD_LIBRARIES = NO;
			};
			name = Release;
		};
		OBJ_64 /* Debug */ = {
			isa = XCBuildConfiguration;
			buildSettings = {
				CLANG_ENABLE_MODULES = YES;
				CODE_SIGN_IDENTITY = "Apple Development";
				"CODE_SIGN_IDENTITY[sdk=macosx*]" = "Apple Development";
				CODE_SIGN_STYLE = Manual;
				DEVELOPMENT_TEAM = "";
				EMBEDDED_CONTENT_CONTAINS_SWIFT = YES;
				FRAMEWORK_SEARCH_PATHS = (
					"$(inherited)",
					"$(PLATFORM_DIR)/Developer/Library/Frameworks",
				);
				HEADER_SEARCH_PATHS = "$(inherited)";
				INFOPLIST_FILE = SwURL.xcodeproj/SwURLTests_Info.plist;
				IPHONEOS_DEPLOYMENT_TARGET = 13.0;
				LD_RUNPATH_SEARCH_PATHS = (
					"$(inherited)",
					"@loader_path/../Frameworks",
					"@loader_path/Frameworks",
				);
				MACOSX_DEPLOYMENT_TARGET = 10.15;
				OTHER_CFLAGS = "$(inherited)";
				OTHER_LDFLAGS = "$(inherited)";
				OTHER_SWIFT_FLAGS = "$(inherited)";
				PROVISIONING_PROFILE_SPECIFIER = "";
				"PROVISIONING_PROFILE_SPECIFIER[sdk=macosx*]" = "";
				SWIFT_ACTIVE_COMPILATION_CONDITIONS = "$(inherited)";
				SWIFT_VERSION = 5.0;
				TARGET_NAME = SwURLTests;
				TVOS_DEPLOYMENT_TARGET = 13.0;
				WATCHOS_DEPLOYMENT_TARGET = 6.0;
			};
			name = Debug;
		};
		OBJ_65 /* Release */ = {
			isa = XCBuildConfiguration;
			buildSettings = {
				CLANG_ENABLE_MODULES = YES;
				CODE_SIGN_IDENTITY = "Apple Development";
				"CODE_SIGN_IDENTITY[sdk=macosx*]" = "Apple Development";
				CODE_SIGN_STYLE = Manual;
				DEVELOPMENT_TEAM = "";
				EMBEDDED_CONTENT_CONTAINS_SWIFT = YES;
				FRAMEWORK_SEARCH_PATHS = (
					"$(inherited)",
					"$(PLATFORM_DIR)/Developer/Library/Frameworks",
				);
				HEADER_SEARCH_PATHS = "$(inherited)";
				INFOPLIST_FILE = SwURL.xcodeproj/SwURLTests_Info.plist;
				IPHONEOS_DEPLOYMENT_TARGET = 13.0;
				LD_RUNPATH_SEARCH_PATHS = (
					"$(inherited)",
					"@loader_path/../Frameworks",
					"@loader_path/Frameworks",
				);
				MACOSX_DEPLOYMENT_TARGET = 10.15;
				OTHER_CFLAGS = "$(inherited)";
				OTHER_LDFLAGS = "$(inherited)";
				OTHER_SWIFT_FLAGS = "$(inherited)";
				PROVISIONING_PROFILE_SPECIFIER = "";
				"PROVISIONING_PROFILE_SPECIFIER[sdk=macosx*]" = "";
				SWIFT_ACTIVE_COMPILATION_CONDITIONS = "$(inherited)";
				SWIFT_VERSION = 5.0;
				TARGET_NAME = SwURLTests;
				TVOS_DEPLOYMENT_TARGET = 13.0;
				WATCHOS_DEPLOYMENT_TARGET = 6.0;
			};
			name = Release;
		};
/* End XCBuildConfiguration section */

/* Begin XCConfigurationList section */
		OBJ_2 /* Build configuration list for PBXProject "SwURL" */ = {
			isa = XCConfigurationList;
			buildConfigurations = (
				OBJ_3 /* Debug */,
				OBJ_4 /* Release */,
			);
			defaultConfigurationIsVisible = 0;
			defaultConfigurationName = Release;
		};
		OBJ_34 /* Build configuration list for PBXNativeTarget "SwURL" */ = {
			isa = XCConfigurationList;
			buildConfigurations = (
				OBJ_35 /* Debug */,
				OBJ_36 /* Release */,
			);
			defaultConfigurationIsVisible = 0;
			defaultConfigurationName = Release;
		};
		OBJ_52 /* Build configuration list for PBXNativeTarget "SwURLPackageDescription" */ = {
			isa = XCConfigurationList;
			buildConfigurations = (
				OBJ_53 /* Debug */,
				OBJ_54 /* Release */,
			);
			defaultConfigurationIsVisible = 0;
			defaultConfigurationName = Release;
		};
		OBJ_58 /* Build configuration list for PBXAggregateTarget "SwURLPackageTests" */ = {
			isa = XCConfigurationList;
			buildConfigurations = (
				OBJ_59 /* Debug */,
				OBJ_60 /* Release */,
			);
			defaultConfigurationIsVisible = 0;
			defaultConfigurationName = Release;
		};
		OBJ_63 /* Build configuration list for PBXNativeTarget "SwURLTests" */ = {
			isa = XCConfigurationList;
			buildConfigurations = (
				OBJ_64 /* Debug */,
				OBJ_65 /* Release */,
			);
			defaultConfigurationIsVisible = 0;
			defaultConfigurationName = Release;
		};
/* End XCConfigurationList section */
	};
	rootObject = OBJ_1 /* Project object */;
}
